<Solution>
  <Project Path="src/Pulse.API/Pulse.API.csproj" />
  <Project Path="src/Pulse.Application/Pulse.Application.csproj" />
  <Project Path="src/Pulse.Domain/Pulse.Domain.csproj" />
  <Project Path="src/Pulse.Infrastructure/Pulse.Infrastructure.csproj" />
  <Project Path="tests/Pulse.UnitTests/Pulse.UnitTests.csproj" />
  <Project Path="tests/Pulse.IntegrationTests/Pulse.IntegrationTests.csproj" />
</Solution>
